// !$*UTF8*$!
{
	archiveVersion = 1;
	classes = {
	};
	objectVersion = 50;
	objects = {

/* Begin PBXBuildFile section */
		8EB4152E242729FC00BBF838 /* AppDelegate.swift in Sources */ = {isa = PBXBuildFile; fileRef = 8EB4152D242729FC00BBF838 /* AppDelegate.swift */; };
		8EB41530242729FC00BBF838 /* SceneDelegate.swift in Sources */ = {isa = PBXBuildFile; fileRef = 8EB4152F242729FC00BBF838 /* SceneDelegate.swift */; };
		8EB41532242729FC00BBF838 /* ContentView.swift in Sources */ = {isa = PBXBuildFile; fileRef = 8EB41531242729FC00BBF838 /* ContentView.swift */; };
		8EB41534242729FE00BBF838 /* Assets.xcassets in Resources */ = {isa = PBXBuildFile; fileRef = 8EB41533242729FE00BBF838 /* Assets.xcassets */; };
		8EB41537242729FE00BBF838 /* Preview Assets.xcassets in Resources */ = {isa = PBXBuildFile; fileRef = 8EB41536242729FE00BBF838 /* Preview Assets.xcassets */; };
		8EB4153A242729FE00BBF838 /* LaunchScreen.storyboard in Resources */ = {isa = PBXBuildFile; fileRef = 8EB41538242729FE00BBF838 /* LaunchScreen.storyboard */; };
		8EB41545242729FE00BBF838 /* Covid19Tests.swift in Sources */ = {isa = PBXBuildFile; fileRef = 8EB41544242729FE00BBF838 /* Covid19Tests.swift */; };
		8EB41550242729FE00BBF838 /* Covid19UITests.swift in Sources */ = {isa = PBXBuildFile; fileRef = 8EB4154F242729FE00BBF838 /* Covid19UITests.swift */; };
		8EB4156124272AA000BBF838 /* Summary.swift in Sources */ = {isa = PBXBuildFile; fileRef = 8EB4156024272AA000BBF838 /* Summary.swift */; };
		8EB4156424272ADF00BBF838 /* Services.swift in Sources */ = {isa = PBXBuildFile; fileRef = 8EB4156324272ADF00BBF838 /* Services.swift */; };
		8EB4156624272B3200BBF838 /* HomeViewModel.swift in Sources */ = {isa = PBXBuildFile; fileRef = 8EB4156524272B3200BBF838 /* HomeViewModel.swift */; };
		8EB4156B24272BAC00BBF838 /* Link.swift in Sources */ = {isa = PBXBuildFile; fileRef = 8EB4156A24272BAC00BBF838 /* Link.swift */; };
		8EB4156D24272BC000BBF838 /* Home.swift in Sources */ = {isa = PBXBuildFile; fileRef = 8EB4156C24272BC000BBF838 /* Home.swift */; };
		8EB4156F24272BE400BBF838 /* StatisticView.swift in Sources */ = {isa = PBXBuildFile; fileRef = 8EB4156E24272BE400BBF838 /* StatisticView.swift */; };
		8EB4157124272C1600BBF838 /* RequirementView.swift in Sources */ = {isa = PBXBuildFile; fileRef = 8EB4157024272C1600BBF838 /* RequirementView.swift */; };
		8EB4157324272C8200BBF838 /* News.swift in Sources */ = {isa = PBXBuildFile; fileRef = 8EB4157224272C8200BBF838 /* News.swift */; };
		8EB4157524272CAC00BBF838 /* HostingController.swift in Sources */ = {isa = PBXBuildFile; fileRef = 8EB4157424272CAC00BBF838 /* HostingController.swift */; };
		8EB415772427365300BBF838 /* StatisticNew.swift in Sources */ = {isa = PBXBuildFile; fileRef = 8EB415762427365300BBF838 /* StatisticNew.swift */; };
/* End PBXBuildFile section */

/* Begin PBXContainerItemProxy section */
		8EB41541242729FE00BBF838 /* PBXContainerItemProxy */ = {
			isa = PBXContainerItemProxy;
			containerPortal = 8EB41522242729FC00BBF838 /* Project object */;
			proxyType = 1;
			remoteGlobalIDString = 8EB41529242729FC00BBF838;
			remoteInfo = Covid19;
		};
		8EB4154C242729FE00BBF838 /* PBXContainerItemProxy */ = {
			isa = PBXContainerItemProxy;
			containerPortal = 8EB41522242729FC00BBF838 /* Project object */;
			proxyType = 1;
			remoteGlobalIDString = 8EB41529242729FC00BBF838;
			remoteInfo = Covid19;
		};
/* End PBXContainerItemProxy section */

/* Begin PBXFileReference section */
		8EB4152A242729FC00BBF838 /* Covid19.app */ = {isa = PBXFileReference; explicitFileType = wrapper.application; includeInIndex = 0; path = Covid19.app; sourceTree = BUILT_PRODUCTS_DIR; };
		8EB4152D242729FC00BBF838 /* AppDelegate.swift */ = {isa = PBXFileReference; lastKnownFileType = sourcecode.swift; path = AppDelegate.swift; sourceTree = "<group>"; };
		8EB4152F242729FC00BBF838 /* SceneDelegate.swift */ = {isa = PBXFileReference; lastKnownFileType = sourcecode.swift; path = SceneDelegate.swift; sourceTree = "<group>"; };
		8EB41531242729FC00BBF838 /* ContentView.swift */ = {isa = PBXFileReference; lastKnownFileType = sourcecode.swift; path = ContentView.swift; sourceTree = "<group>"; };
		8EB41533242729FE00BBF838 /* Assets.xcassets */ = {isa = PBXFileReference; lastKnownFileType = folder.assetcatalog; path = Assets.xcassets; sourceTree = "<group>"; };
		8EB41536242729FE00BBF838 /* Preview Assets.xcassets */ = {isa = PBXFileReference; lastKnownFileType = folder.assetcatalog; path = "Preview Assets.xcassets"; sourceTree = "<group>"; };
		8EB41539242729FE00BBF838 /* Base */ = {isa = PBXFileReference; lastKnownFileType = file.storyboard; name = Base; path = Base.lproj/LaunchScreen.storyboard; sourceTree = "<group>"; };
		8EB4153B242729FE00BBF838 /* Info.plist */ = {isa = PBXFileReference; lastKnownFileType = text.plist.xml; path = Info.plist; sourceTree = "<group>"; };
		8EB41540242729FE00BBF838 /* Covid19Tests.xctest */ = {isa = PBXFileReference; explicitFileType = wrapper.cfbundle; includeInIndex = 0; path = Covid19Tests.xctest; sourceTree = BUILT_PRODUCTS_DIR; };
		8EB41544242729FE00BBF838 /* Covid19Tests.swift */ = {isa = PBXFileReference; lastKnownFileType = sourcecode.swift; path = Covid19Tests.swift; sourceTree = "<group>"; };
		8EB41546242729FE00BBF838 /* Info.plist */ = {isa = PBXFileReference; lastKnownFileType = text.plist.xml; path = Info.plist; sourceTree = "<group>"; };
		8EB4154B242729FE00BBF838 /* Covid19UITests.xctest */ = {isa = PBXFileReference; explicitFileType = wrapper.cfbundle; includeInIndex = 0; path = Covid19UITests.xctest; sourceTree = BUILT_PRODUCTS_DIR; };
		8EB4154F242729FE00BBF838 /* Covid19UITests.swift */ = {isa = PBXFileReference; lastKnownFileType = sourcecode.swift; path = Covid19UITests.swift; sourceTree = "<group>"; };
		8EB41551242729FE00BBF838 /* Info.plist */ = {isa = PBXFileReference; lastKnownFileType = text.plist.xml; path = Info.plist; sourceTree = "<group>"; };
		8EB4156024272AA000BBF838 /* Summary.swift */ = {isa = PBXFileReference; lastKnownFileType = sourcecode.swift; path = Summary.swift; sourceTree = "<group>"; };
		8EB4156324272ADF00BBF838 /* Services.swift */ = {isa = PBXFileReference; lastKnownFileType = sourcecode.swift; path = Services.swift; sourceTree = "<group>"; };
		8EB4156524272B3200BBF838 /* HomeViewModel.swift */ = {isa = PBXFileReference; lastKnownFileType = sourcecode.swift; path = HomeViewModel.swift; sourceTree = "<group>"; };
		8EB4156A24272BAC00BBF838 /* Link.swift */ = {isa = PBXFileReference; lastKnownFileType = sourcecode.swift; path = Link.swift; sourceTree = "<group>"; };
		8EB4156C24272BC000BBF838 /* Home.swift */ = {isa = PBXFileReference; lastKnownFileType = sourcecode.swift; path = Home.swift; sourceTree = "<group>"; };
		8EB4156E24272BE400BBF838 /* StatisticView.swift */ = {isa = PBXFileReference; lastKnownFileType = sourcecode.swift; path = StatisticView.swift; sourceTree = "<group>"; };
		8EB4157024272C1600BBF838 /* RequirementView.swift */ = {isa = PBXFileReference; lastKnownFileType = sourcecode.swift; path = RequirementView.swift; sourceTree = "<group>"; };
		8EB4157224272C8200BBF838 /* News.swift */ = {isa = PBXFileReference; lastKnownFileType = sourcecode.swift; path = News.swift; sourceTree = "<group>"; };
		8EB4157424272CAC00BBF838 /* HostingController.swift */ = {isa = PBXFileReference; lastKnownFileType = sourcecode.swift; path = HostingController.swift; sourceTree = "<group>"; };
		8EB415762427365300BBF838 /* StatisticNew.swift */ = {isa = PBXFileReference; lastKnownFileType = sourcecode.swift; path = StatisticNew.swift; sourceTree = "<group>"; };
/* End PBXFileReference section */

/* Begin PBXFrameworksBuildPhase section */
		8EB41527242729FC00BBF838 /* Frameworks */ = {
			isa = PBXFrameworksBuildPhase;
			buildActionMask = 2147483647;
			files = (
			);
			runOnlyForDeploymentPostprocessing = 0;
		};
		8EB4153D242729FE00BBF838 /* Frameworks */ = {
			isa = PBXFrameworksBuildPhase;
			buildActionMask = 2147483647;
			files = (
			);
			runOnlyForDeploymentPostprocessing = 0;
		};
		8EB41548242729FE00BBF838 /* Frameworks */ = {
			isa = PBXFrameworksBuildPhase;
			buildActionMask = 2147483647;
			files = (
			);
			runOnlyForDeploymentPostprocessing = 0;
		};
/* End PBXFrameworksBuildPhase section */

/* Begin PBXGroup section */
		8EB41521242729FC00BBF838 = {
			isa = PBXGroup;
			children = (
				8EB4152C242729FC00BBF838 /* Covid19 */,
				8EB41543242729FE00BBF838 /* Covid19Tests */,
				8EB4154E242729FE00BBF838 /* Covid19UITests */,
				8EB4152B242729FC00BBF838 /* Products */,
			);
			sourceTree = "<group>";
		};
		8EB4152B242729FC00BBF838 /* Products */ = {
			isa = PBXGroup;
			children = (
				8EB4152A242729FC00BBF838 /* Covid19.app */,
				8EB41540242729FE00BBF838 /* Covid19Tests.xctest */,
				8EB4154B242729FE00BBF838 /* Covid19UITests.xctest */,
			);
			name = Products;
			sourceTree = "<group>";
		};
		8EB4152C242729FC00BBF838 /* Covid19 */ = {
			isa = PBXGroup;
			children = (
				8EB4156224272AD000BBF838 /* Service */,
				8EB4155F24272A2400BBF838 /* ViewModel */,
				8EB4155E24272A1800BBF838 /* Models */,
				8EB4155D24272A0F00BBF838 /* Views */,
				8EB4152D242729FC00BBF838 /* AppDelegate.swift */,
				8EB4157424272CAC00BBF838 /* HostingController.swift */,
				8EB4152F242729FC00BBF838 /* SceneDelegate.swift */,
				8EB41531242729FC00BBF838 /* ContentView.swift */,
				8EB41533242729FE00BBF838 /* Assets.xcassets */,
				8EB41538242729FE00BBF838 /* LaunchScreen.storyboard */,
				8EB4153B242729FE00BBF838 /* Info.plist */,
				8EB41535242729FE00BBF838 /* Preview Content */,
			);
			path = Covid19;
			sourceTree = "<group>";
		};
		8EB41535242729FE00BBF838 /* Preview Content */ = {
			isa = PBXGroup;
			children = (
				8EB41536242729FE00BBF838 /* Preview Assets.xcassets */,
			);
			path = "Preview Content";
			sourceTree = "<group>";
		};
		8EB41543242729FE00BBF838 /* Covid19Tests */ = {
			isa = PBXGroup;
			children = (
				8EB41544242729FE00BBF838 /* Covid19Tests.swift */,
				8EB41546242729FE00BBF838 /* Info.plist */,
			);
			path = Covid19Tests;
			sourceTree = "<group>";
		};
		8EB4154E242729FE00BBF838 /* Covid19UITests */ = {
			isa = PBXGroup;
			children = (
				8EB4154F242729FE00BBF838 /* Covid19UITests.swift */,
				8EB41551242729FE00BBF838 /* Info.plist */,
			);
			path = Covid19UITests;
			sourceTree = "<group>";
		};
		8EB4155D24272A0F00BBF838 /* Views */ = {
			isa = PBXGroup;
			children = (
				8EB4156924272B8B00BBF838 /* News */,
				8EB4156824272B8500BBF838 /* Link */,
				8EB4156724272B7B00BBF838 /* Home */,
			);
			path = Views;
			sourceTree = "<group>";
		};
		8EB4155E24272A1800BBF838 /* Models */ = {
			isa = PBXGroup;
			children = (
				8EB4156024272AA000BBF838 /* Summary.swift */,
			);
			path = Models;
			sourceTree = "<group>";
		};
		8EB4155F24272A2400BBF838 /* ViewModel */ = {
			isa = PBXGroup;
			children = (
				8EB4156524272B3200BBF838 /* HomeViewModel.swift */,
			);
			path = ViewModel;
			sourceTree = "<group>";
		};
		8EB4156224272AD000BBF838 /* Service */ = {
			isa = PBXGroup;
			children = (
				8EB4156324272ADF00BBF838 /* Services.swift */,
			);
			path = Service;
			sourceTree = "<group>";
		};
		8EB4156724272B7B00BBF838 /* Home */ = {
			isa = PBXGroup;
			children = (
				8EB4156C24272BC000BBF838 /* Home.swift */,
				8EB4156E24272BE400BBF838 /* StatisticView.swift */,
				8EB4157024272C1600BBF838 /* RequirementView.swift */,
				8EB415762427365300BBF838 /* StatisticNew.swift */,
			);
			path = Home;
			sourceTree = "<group>";
		};
		8EB4156824272B8500BBF838 /* Link */ = {
			isa = PBXGroup;
			children = (
				8EB4156A24272BAC00BBF838 /* Link.swift */,
			);
			path = Link;
			sourceTree = "<group>";
		};
		8EB4156924272B8B00BBF838 /* News */ = {
			isa = PBXGroup;
			children = (
				8EB4157224272C8200BBF838 /* News.swift */,
			);
			path = News;
			sourceTree = "<group>";
		};
/* End PBXGroup section */

/* Begin PBXNativeTarget section */
		8EB41529242729FC00BBF838 /* Covid19 */ = {
			isa = PBXNativeTarget;
			buildConfigurationList = 8EB41554242729FE00BBF838 /* Build configuration list for PBXNativeTarget "Covid19" */;
			buildPhases = (
				8EB41526242729FC00BBF838 /* Sources */,
				8EB41527242729FC00BBF838 /* Frameworks */,
				8EB41528242729FC00BBF838 /* Resources */,
			);
			buildRules = (
			);
			dependencies = (
			);
			name = Covid19;
			productName = Covid19;
			productReference = 8EB4152A242729FC00BBF838 /* Covid19.app */;
			productType = "com.apple.product-type.application";
		};
		8EB4153F242729FE00BBF838 /* Covid19Tests */ = {
			isa = PBXNativeTarget;
			buildConfigurationList = 8EB41557242729FE00BBF838 /* Build configuration list for PBXNativeTarget "Covid19Tests" */;
			buildPhases = (
				8EB4153C242729FE00BBF838 /* Sources */,
				8EB4153D242729FE00BBF838 /* Frameworks */,
				8EB4153E242729FE00BBF838 /* Resources */,
			);
			buildRules = (
			);
			dependencies = (
				8EB41542242729FE00BBF838 /* PBXTargetDependency */,
			);
			name = Covid19Tests;
			productName = Covid19Tests;
			productReference = 8EB41540242729FE00BBF838 /* Covid19Tests.xctest */;
			productType = "com.apple.product-type.bundle.unit-test";
		};
		8EB4154A242729FE00BBF838 /* Covid19UITests */ = {
			isa = PBXNativeTarget;
			buildConfigurationList = 8EB4155A242729FE00BBF838 /* Build configuration list for PBXNativeTarget "Covid19UITests" */;
			buildPhases = (
				8EB41547242729FE00BBF838 /* Sources */,
				8EB41548242729FE00BBF838 /* Frameworks */,
				8EB41549242729FE00BBF838 /* Resources */,
			);
			buildRules = (
			);
			dependencies = (
				8EB4154D242729FE00BBF838 /* PBXTargetDependency */,
			);
			name = Covid19UITests;
			productName = Covid19UITests;
			productReference = 8EB4154B242729FE00BBF838 /* Covid19UITests.xctest */;
			productType = "com.apple.product-type.bundle.ui-testing";
		};
/* End PBXNativeTarget section */

/* Begin PBXProject section */
		8EB41522242729FC00BBF838 /* Project object */ = {
			isa = PBXProject;
			attributes = {
				LastSwiftUpdateCheck = 1130;
				LastUpgradeCheck = 1130;
				ORGANIZATIONNAME = "Kurniawan Gigih Lutfi Umam";
				TargetAttributes = {
					8EB41529242729FC00BBF838 = {
						CreatedOnToolsVersion = 11.3.1;
					};
					8EB4153F242729FE00BBF838 = {
						CreatedOnToolsVersion = 11.3.1;
						TestTargetID = 8EB41529242729FC00BBF838;
					};
					8EB4154A242729FE00BBF838 = {
						CreatedOnToolsVersion = 11.3.1;
						TestTargetID = 8EB41529242729FC00BBF838;
					};
				};
			};
			buildConfigurationList = 8EB41525242729FC00BBF838 /* Build configuration list for PBXProject "Covid19" */;
			compatibilityVersion = "Xcode 9.3";
			developmentRegion = en;
			hasScannedForEncodings = 0;
			knownRegions = (
				en,
				Base,
			);
			mainGroup = 8EB41521242729FC00BBF838;
			productRefGroup = 8EB4152B242729FC00BBF838 /* Products */;
			projectDirPath = "";
			projectRoot = "";
			targets = (
				8EB41529242729FC00BBF838 /* Covid19 */,
				8EB4153F242729FE00BBF838 /* Covid19Tests */,
				8EB4154A242729FE00BBF838 /* Covid19UITests */,
			);
		};
/* End PBXProject section */

/* Begin PBXResourcesBuildPhase section */
		8EB41528242729FC00BBF838 /* Resources */ = {
			isa = PBXResourcesBuildPhase;
			buildActionMask = 2147483647;
			files = (
				8EB4153A242729FE00BBF838 /* LaunchScreen.storyboard in Resources */,
				8EB41537242729FE00BBF838 /* Preview Assets.xcassets in Resources */,
				8EB41534242729FE00BBF838 /* Assets.xcassets in Resources */,
			);
			runOnlyForDeploymentPostprocessing = 0;
		};
		8EB4153E242729FE00BBF838 /* Resources */ = {
			isa = PBXResourcesBuildPhase;
			buildActionMask = 2147483647;
			files = (
			);
			runOnlyForDeploymentPostprocessing = 0;
		};
		8EB41549242729FE00BBF838 /* Resources */ = {
			isa = PBXResourcesBuildPhase;
			buildActionMask = 2147483647;
			files = (
			);
			runOnlyForDeploymentPostprocessing = 0;
		};
/* End PBXResourcesBuildPhase section */

/* Begin PBXSourcesBuildPhase section */
		8EB41526242729FC00BBF838 /* Sources */ = {
			isa = PBXSourcesBuildPhase;
			buildActionMask = 2147483647;
			files = (
				8EB4156424272ADF00BBF838 /* Services.swift in Sources */,
				8EB4157124272C1600BBF838 /* RequirementView.swift in Sources */,
				8EB4156B24272BAC00BBF838 /* Link.swift in Sources */,
				8EB4156624272B3200BBF838 /* HomeViewModel.swift in Sources */,
				8EB415772427365300BBF838 /* StatisticNew.swift in Sources */,
				8EB4152E242729FC00BBF838 /* AppDelegate.swift in Sources */,
				8EB41530242729FC00BBF838 /* SceneDelegate.swift in Sources */,
				8EB4157524272CAC00BBF838 /* HostingController.swift in Sources */,
				8EB4157324272C8200BBF838 /* News.swift in Sources */,
				8EB4156124272AA000BBF838 /* Summary.swift in Sources */,
				8EB4156D24272BC000BBF838 /* Home.swift in Sources */,
				8EB4156F24272BE400BBF838 /* StatisticView.swift in Sources */,
				8EB41532242729FC00BBF838 /* ContentView.swift in Sources */,
			);
			runOnlyForDeploymentPostprocessing = 0;
		};
		8EB4153C242729FE00BBF838 /* Sources */ = {
			isa = PBXSourcesBuildPhase;
			buildActionMask = 2147483647;
			files = (
				8EB41545242729FE00BBF838 /* Covid19Tests.swift in Sources */,
			);
			runOnlyForDeploymentPostprocessing = 0;
		};
		8EB41547242729FE00BBF838 /* Sources */ = {
			isa = PBXSourcesBuildPhase;
			buildActionMask = 2147483647;
			files = (
				8EB41550242729FE00BBF838 /* Covid19UITests.swift in Sources */,
			);
			runOnlyForDeploymentPostprocessing = 0;
		};
/* End PBXSourcesBuildPhase section */

/* Begin PBXTargetDependency section */
		8EB41542242729FE00BBF838 /* PBXTargetDependency */ = {
			isa = PBXTargetDependency;
			target = 8EB41529242729FC00BBF838 /* Covid19 */;
			targetProxy = 8EB41541242729FE00BBF838 /* PBXContainerItemProxy */;
		};
		8EB4154D242729FE00BBF838 /* PBXTargetDependency */ = {
			isa = PBXTargetDependency;
			target = 8EB41529242729FC00BBF838 /* Covid19 */;
			targetProxy = 8EB4154C242729FE00BBF838 /* PBXContainerItemProxy */;
		};
/* End PBXTargetDependency section */

/* Begin PBXVariantGroup section */
		8EB41538242729FE00BBF838 /* LaunchScreen.storyboard */ = {
			isa = PBXVariantGroup;
			children = (
				8EB41539242729FE00BBF838 /* Base */,
			);
			name = LaunchScreen.storyboard;
			sourceTree = "<group>";
		};
/* End PBXVariantGroup section */

/* Begin XCBuildConfiguration section */
		8EB41552242729FE00BBF838 /* Debug */ = {
			isa = XCBuildConfiguration;
			buildSettings = {
				ALWAYS_SEARCH_USER_PATHS = NO;
				CLANG_ANALYZER_NONNULL = YES;
				CLANG_ANALYZER_NUMBER_OBJECT_CONVERSION = YES_AGGRESSIVE;
				CLANG_CXX_LANGUAGE_STANDARD = "gnu++14";
				CLANG_CXX_LIBRARY = "libc++";
				CLANG_ENABLE_MODULES = YES;
				CLANG_ENABLE_OBJC_ARC = YES;
				CLANG_ENABLE_OBJC_WEAK = YES;
				CLANG_WARN_BLOCK_CAPTURE_AUTORELEASING = YES;
				CLANG_WARN_BOOL_CONVERSION = YES;
				CLANG_WARN_COMMA = YES;
				CLANG_WARN_CONSTANT_CONVERSION = YES;
				CLANG_WARN_DEPRECATED_OBJC_IMPLEMENTATIONS = YES;
				CLANG_WARN_DIRECT_OBJC_ISA_USAGE = YES_ERROR;
				CLANG_WARN_DOCUMENTATION_COMMENTS = YES;
				CLANG_WARN_EMPTY_BODY = YES;
				CLANG_WARN_ENUM_CONVERSION = YES;
				CLANG_WARN_INFINITE_RECURSION = YES;
				CLANG_WARN_INT_CONVERSION = YES;
				CLANG_WARN_NON_LITERAL_NULL_CONVERSION = YES;
				CLANG_WARN_OBJC_IMPLICIT_RETAIN_SELF = YES;
				CLANG_WARN_OBJC_LITERAL_CONVERSION = YES;
				CLANG_WARN_OBJC_ROOT_CLASS = YES_ERROR;
				CLANG_WARN_RANGE_LOOP_ANALYSIS = YES;
				CLANG_WARN_STRICT_PROTOTYPES = YES;
				CLANG_WARN_SUSPICIOUS_MOVE = YES;
				CLANG_WARN_UNGUARDED_AVAILABILITY = YES_AGGRESSIVE;
				CLANG_WARN_UNREACHABLE_CODE = YES;
				CLANG_WARN__DUPLICATE_METHOD_MATCH = YES;
				COPY_PHASE_STRIP = NO;
				DEBUG_INFORMATION_FORMAT = dwarf;
				ENABLE_STRICT_OBJC_MSGSEND = YES;
				ENABLE_TESTABILITY = YES;
				GCC_C_LANGUAGE_STANDARD = gnu11;
				GCC_DYNAMIC_NO_PIC = NO;
				GCC_NO_COMMON_BLOCKS = YES;
				GCC_OPTIMIZATION_LEVEL = 0;
				GCC_PREPROCESSOR_DEFINITIONS = (
					"DEBUG=1",
					"$(inherited)",
				);
				GCC_WARN_64_TO_32_BIT_CONVERSION = YES;
				GCC_WARN_ABOUT_RETURN_TYPE = YES_ERROR;
				GCC_WARN_UNDECLARED_SELECTOR = YES;
				GCC_WARN_UNINITIALIZED_AUTOS = YES_AGGRESSIVE;
				GCC_WARN_UNUSED_FUNCTION = YES;
				GCC_WARN_UNUSED_VARIABLE = YES;
				IPHONEOS_DEPLOYMENT_TARGET = 13.2;
				MTL_ENABLE_DEBUG_INFO = INCLUDE_SOURCE;
				MTL_FAST_MATH = YES;
				ONLY_ACTIVE_ARCH = YES;
				SDKROOT = iphoneos;
				SWIFT_ACTIVE_COMPILATION_CONDITIONS = DEBUG;
				SWIFT_OPTIMIZATION_LEVEL = "-Onone";
			};
			name = Debug;
		};
		8EB41553242729FE00BBF838 /* Release */ = {
			isa = XCBuildConfiguration;
			buildSettings = {
				ALWAYS_SEARCH_USER_PATHS = NO;
				CLANG_ANALYZER_NONNULL = YES;
				CLANG_ANALYZER_NUMBER_OBJECT_CONVERSION = YES_AGGRESSIVE;
				CLANG_CXX_LANGUAGE_STANDARD = "gnu++14";
				CLANG_CXX_LIBRARY = "libc++";
				CLANG_ENABLE_MODULES = YES;
				CLANG_ENABLE_OBJC_ARC = YES;
				CLANG_ENABLE_OBJC_WEAK = YES;
				CLANG_WARN_BLOCK_CAPTURE_AUTORELEASING = YES;
				CLANG_WARN_BOOL_CONVERSION = YES;
				CLANG_WARN_COMMA = YES;
				CLANG_WARN_CONSTANT_CONVERSION = YES;
				CLANG_WARN_DEPRECATED_OBJC_IMPLEMENTATIONS = YES;
				CLANG_WARN_DIRECT_OBJC_ISA_USAGE = YES_ERROR;
				CLANG_WARN_DOCUMENTATION_COMMENTS = YES;
				CLANG_WARN_EMPTY_BODY = YES;
				CLANG_WARN_ENUM_CONVERSION = YES;
				CLANG_WARN_INFINITE_RECURSION = YES;
				CLANG_WARN_INT_CONVERSION = YES;
				CLANG_WARN_NON_LITERAL_NULL_CONVERSION = YES;
				CLANG_WARN_OBJC_IMPLICIT_RETAIN_SELF = YES;
				CLANG_WARN_OBJC_LITERAL_CONVERSION = YES;
				CLANG_WARN_OBJC_ROOT_CLASS = YES_ERROR;
				CLANG_WARN_RANGE_LOOP_ANALYSIS = YES;
				CLANG_WARN_STRICT_PROTOTYPES = YES;
				CLANG_WARN_SUSPICIOUS_MOVE = YES;
				CLANG_WARN_UNGUARDED_AVAILABILITY = YES_AGGRESSIVE;
				CLANG_WARN_UNREACHABLE_CODE = YES;
				CLANG_WARN__DUPLICATE_METHOD_MATCH = YES;
				COPY_PHASE_STRIP = NO;
				DEBUG_INFORMATION_FORMAT = "dwarf-with-dsym";
				ENABLE_NS_ASSERTIONS = NO;
				ENABLE_STRICT_OBJC_MSGSEND = YES;
				GCC_C_LANGUAGE_STANDARD = gnu11;
				GCC_NO_COMMON_BLOCKS = YES;
				GCC_WARN_64_TO_32_BIT_CONVERSION = YES;
				GCC_WARN_ABOUT_RETURN_TYPE = YES_ERROR;
				GCC_WARN_UNDECLARED_SELECTOR = YES;
				GCC_WARN_UNINITIALIZED_AUTOS = YES_AGGRESSIVE;
				GCC_WARN_UNUSED_FUNCTION = YES;
				GCC_WARN_UNUSED_VARIABLE = YES;
				IPHONEOS_DEPLOYMENT_TARGET = 13.2;
				MTL_ENABLE_DEBUG_INFO = NO;
				MTL_FAST_MATH = YES;
				SDKROOT = iphoneos;
				SWIFT_COMPILATION_MODE = wholemodule;
				SWIFT_OPTIMIZATION_LEVEL = "-O";
				VALIDATE_PRODUCT = YES;
			};
			name = Release;
		};
		8EB41555242729FE00BBF838 /* Debug */ = {
			isa = XCBuildConfiguration;
			buildSettings = {
				ASSETCATALOG_COMPILER_APPICON_NAME = "AppIcon-1";
				CODE_SIGN_STYLE = Automatic;
				DEVELOPMENT_ASSET_PATHS = "\"Covid19/Preview Content\"";
				DEVELOPMENT_TEAM = ABTDFQ339U;
				ENABLE_PREVIEWS = YES;
				INFOPLIST_FILE = Covid19/Info.plist;
				IPHONEOS_DEPLOYMENT_TARGET = 13.2;
				LD_RUNPATH_SEARCH_PATHS = (
					"$(inherited)",
					"@executable_path/Frameworks",
				);
				PRODUCT_BUNDLE_IDENTIFIER = com.umaaamm.Covid19;
				PRODUCT_NAME = "$(TARGET_NAME)";
				SWIFT_VERSION = 5.0;
				TARGETED_DEVICE_FAMILY = 1;
			};
			name = Debug;
		};
		8EB41556242729FE00BBF838 /* Release */ = {
			isa = XCBuildConfiguration;
			buildSettings = {
				ASSETCATALOG_COMPILER_APPICON_NAME = "AppIcon-1";
				CODE_SIGN_STYLE = Automatic;
				DEVELOPMENT_ASSET_PATHS = "\"Covid19/Preview Content\"";
				DEVELOPMENT_TEAM = ABTDFQ339U;
				ENABLE_PREVIEWS = YES;
				INFOPLIST_FILE = Covid19/Info.plist;
				IPHONEOS_DEPLOYMENT_TARGET = 13.2;
				LD_RUNPATH_SEARCH_PATHS = (
					"$(inherited)",
					"@executable_path/Frameworks",
				);
				PRODUCT_BUNDLE_IDENTIFIER = com.umaaamm.Covid19;
				PRODUCT_NAME = "$(TARGET_NAME)";
				SWIFT_VERSION = 5.0;
				TARGETED_DEVICE_FAMILY = 1;
			};
			name = Release;
		};
		8EB41558242729FE00BBF838 /* Debug */ = {
			isa = XCBuildConfiguration;
			buildSettings = {
				ALWAYS_EMBED_SWIFT_STANDARD_LIBRARIES = YES;
				BUNDLE_LOADER = "$(TEST_HOST)";
				CODE_SIGN_STYLE = Automatic;
				INFOPLIST_FILE = Covid19Tests/Info.plist;
				IPHONEOS_DEPLOYMENT_TARGET = 13.2;
				LD_RUNPATH_SEARCH_PATHS = (
					"$(inherited)",
					"@executable_path/Frameworks",
					"@loader_path/Frameworks",
				);
				PRODUCT_BUNDLE_IDENTIFIER = com.umaaamm.Covid19Tests;
				PRODUCT_NAME = "$(TARGET_NAME)";
				SWIFT_VERSION = 5.0;
				TARGETED_DEVICE_FAMILY = "1,2";
				TEST_HOST = "$(BUILT_PRODUCTS_DIR)/Covid19.app/Covid19";
			};
			name = Debug;
		};
		8EB41559242729FE00BBF838 /* Release */ = {
			isa = XCBuildConfiguration;
			buildSettings = {
				ALWAYS_EMBED_SWIFT_STANDARD_LIBRARIES = YES;
				BUNDLE_LOADER = "$(TEST_HOST)";
				CODE_SIGN_STYLE = Automatic;
				INFOPLIST_FILE = Covid19Tests/Info.plist;
				IPHONEOS_DEPLOYMENT_TARGET = 13.2;
				LD_RUNPATH_SEARCH_PATHS = (
					"$(inherited)",
					"@executable_path/Frameworks",
					"@loader_path/Frameworks",
				);
				PRODUCT_BUNDLE_IDENTIFIER = com.umaaamm.Covid19Tests;
				PRODUCT_NAME = "$(TARGET_NAME)";
				SWIFT_VERSION = 5.0;
				TARGETED_DEVICE_FAMILY = "1,2";
				TEST_HOST = "$(BUILT_PRODUCTS_DIR)/Covid19.app/Covid19";
			};
			name = Release;
		};
		8EB4155B242729FE00BBF838 /* Debug */ = {
			isa = XCBuildConfiguration;
			buildSettings = {
				ALWAYS_EMBED_SWIFT_STANDARD_LIBRARIES = YES;
				CODE_SIGN_STYLE = Automatic;
				INFOPLIST_FILE = Covid19UITests/Info.plist;
				LD_RUNPATH_SEARCH_PATHS = (
					"$(inherited)",
					"@executable_path/Frameworks",
					"@loader_path/Frameworks",
				);
				PRODUCT_BUNDLE_IDENTIFIER = com.umaaamm.Covid19UITests;
				PRODUCT_NAME = "$(TARGET_NAME)";
				SWIFT_VERSION = 5.0;
				TARGETED_DEVICE_FAMILY = "1,2";
				TEST_TARGET_NAME = Covid19;
			};
			name = Debug;
		};
		8EB4155C242729FE00BBF838 /* Release */ = {
			isa = XCBuildConfiguration;
			buildSettings = {
				ALWAYS_EMBED_SWIFT_STANDARD_LIBRARIES = YES;
				CODE_SIGN_STYLE = Automatic;
				INFOPLIST_FILE = Covid19UITests/Info.plist;
				LD_RUNPATH_SEARCH_PATHS = (
					"$(inherited)",
					"@executable_path/Frameworks",
					"@loader_path/Frameworks",
				);
				PRODUCT_BUNDLE_IDENTIFIER = com.umaaamm.Covid19UITests;
				PRODUCT_NAME = "$(TARGET_NAME)";
				SWIFT_VERSION = 5.0;
				TARGETED_DEVICE_FAMILY = "1,2";
				TEST_TARGET_NAME = Covid19;
			};
			name = Release;
		};
/* End XCBuildConfiguration section */

/* Begin XCConfigurationList section */
		8EB41525242729FC00BBF838 /* Build configuration list for PBXProject "Covid19" */ = {
			isa = XCConfigurationList;
			buildConfigurations = (
				8EB41552242729FE00BBF838 /* Debug */,
				8EB41553242729FE00BBF838 /* Release */,
			);
			defaultConfigurationIsVisible = 0;
			defaultConfigurationName = Release;
		};
		8EB41554242729FE00BBF838 /* Build configuration list for PBXNativeTarget "Covid19" */ = {
			isa = XCConfigurationList;
			buildConfigurations = (
				8EB41555242729FE00BBF838 /* Debug */,
				8EB41556242729FE00BBF838 /* Release */,
			);
			defaultConfigurationIsVisible = 0;
			defaultConfigurationName = Release;
		};
		8EB41557242729FE00BBF838 /* Build configuration list for PBXNativeTarget "Covid19Tests" */ = {
			isa = XCConfigurationList;
			buildConfigurations = (
				8EB41558242729FE00BBF838 /* Debug */,
				8EB41559242729FE00BBF838 /* Release */,
			);
			defaultConfigurationIsVisible = 0;
			defaultConfigurationName = Release;
		};
		8EB4155A242729FE00BBF838 /* Build configuration list for PBXNativeTarget "Covid19UITests" */ = {
			isa = XCConfigurationList;
			buildConfigurations = (
				8EB4155B242729FE00BBF838 /* Debug */,
				8EB4155C242729FE00BBF838 /* Release */,
			);
			defaultConfigurationIsVisible = 0;
			defaultConfigurationName = Release;
		};
/* End XCConfigurationList section */
	};
	rootObject = 8EB41522242729FC00BBF838 /* Project object */;
}
